// !$*UTF8*$!
{
	archiveVersion = 1;
	classes = {
	};
	objectVersion = 55;
	objects = {

/* Begin PBXBuildFile section */
		FD015C5626F3671C004AF160 /* FilePresenter.swift in Sources */ = {isa = PBXBuildFile; fileRef = FD015C5526F3671C004AF160 /* FilePresenter.swift */; };
		FDD9822E26E279F800547C01 /* NSMetadataQueryUbiquitousExternalDocumentsTestApp.swift in Sources */ = {isa = PBXBuildFile; fileRef = FDD9822D26E279F800547C01 /* NSMetadataQueryUbiquitousExternalDocumentsTestApp.swift */; };
/* End PBXBuildFile section */

/* Begin PBXFileReference section */
		FD015C5526F3671C004AF160 /* FilePresenter.swift */ = {isa = PBXFileReference; lastKnownFileType = sourcecode.swift; path = FilePresenter.swift; sourceTree = "<group>"; };
		FD9D327F26E2D00E00137C62 /* NSMetadataQueryUbiquitousExternalDocumentsTest.entitlements */ = {isa = PBXFileReference; lastKnownFileType = text.plist.entitlements; path = NSMetadataQueryUbiquitousExternalDocumentsTest.entitlements; sourceTree = "<group>"; };
		FD9D328026E56DF500137C62 /* Info.plist */ = {isa = PBXFileReference; lastKnownFileType = text.plist.xml; path = Info.plist; sourceTree = "<group>"; };
		FDD9822A26E279F800547C01 /* NSMetadataQueryUbiquitousExternalDocumentsTest.app */ = {isa = PBXFileReference; explicitFileType = wrapper.application; includeInIndex = 0; path = NSMetadataQueryUbiquitousExternalDocumentsTest.app; sourceTree = BUILT_PRODUCTS_DIR; };
		FDD9822D26E279F800547C01 /* NSMetadataQueryUbiquitousExternalDocumentsTestApp.swift */ = {isa = PBXFileReference; lastKnownFileType = sourcecode.swift; path = NSMetadataQueryUbiquitousExternalDocumentsTestApp.swift; sourceTree = "<group>"; };
		FDD9823C26E2C17200547C01 /* README.md */ = {isa = PBXFileReference; lastKnownFileType = net.daringfireball.markdown; path = README.md; sourceTree = "<group>"; };
		FDD9823D26E2C17200547C01 /* LICENSE */ = {isa = PBXFileReference; lastKnownFileType = text; path = LICENSE; sourceTree = "<group>"; };
/* End PBXFileReference section */

/* Begin PBXFrameworksBuildPhase section */
		FDD9822726E279F800547C01 /* Frameworks */ = {
			isa = PBXFrameworksBuildPhase;
			buildActionMask = 2147483647;
			files = (
			);
			runOnlyForDeploymentPostprocessing = 0;
		};
/* End PBXFrameworksBuildPhase section */

/* Begin PBXGroup section */
		FDD9822126E279F800547C01 = {
			isa = PBXGroup;
			children = (
				FDD9823D26E2C17200547C01 /* LICENSE */,
				FDD9823C26E2C17200547C01 /* README.md */,
				FDD9822C26E279F800547C01 /* NSMetadataQueryUbiquitousExternalDocumentsTest */,
				FDD9822B26E279F800547C01 /* Products */,
			);
			sourceTree = "<group>";
		};
		FDD9822B26E279F800547C01 /* Products */ = {
			isa = PBXGroup;
			children = (
				FDD9822A26E279F800547C01 /* NSMetadataQueryUbiquitousExternalDocumentsTest.app */,
			);
			name = Products;
			sourceTree = "<group>";
		};
		FDD9822C26E279F800547C01 /* NSMetadataQueryUbiquitousExternalDocumentsTest */ = {
			isa = PBXGroup;
			children = (
				FD9D327F26E2D00E00137C62 /* NSMetadataQueryUbiquitousExternalDocumentsTest.entitlements */,
				FDD9822D26E279F800547C01 /* NSMetadataQueryUbiquitousExternalDocumentsTestApp.swift */,
				FD9D328026E56DF500137C62 /* Info.plist */,
				FD015C5526F3671C004AF160 /* FilePresenter.swift */,
			);
			path = NSMetadataQueryUbiquitousExternalDocumentsTest;
			sourceTree = "<group>";
		};
/* End PBXGroup section */

/* Begin PBXNativeTarget section */
		FDD9822926E279F800547C01 /* NSMetadataQueryUbiquitousExternalDocumentsTest */ = {
			isa = PBXNativeTarget;
			buildConfigurationList = FDD9823826E279FA00547C01 /* Build configuration list for PBXNativeTarget "NSMetadataQueryUbiquitousExternalDocumentsTest" */;
			buildPhases = (
				FDD9822626E279F800547C01 /* Sources */,
				FDD9822726E279F800547C01 /* Frameworks */,
				FDD9822826E279F800547C01 /* Resources */,
			);
			buildRules = (
			);
			dependencies = (
			);
			name = NSMetadataQueryUbiquitousExternalDocumentsTest;
			productName = NSMetadataQueryUbiquitousExternalDocumentsTest;
			productReference = FDD9822A26E279F800547C01 /* NSMetadataQueryUbiquitousExternalDocumentsTest.app */;
			productType = "com.apple.product-type.application";
		};
/* End PBXNativeTarget section */

/* Begin PBXProject section */
		FDD9822226E279F800547C01 /* Project object */ = {
			isa = PBXProject;
			attributes = {
				BuildIndependentTargetsInParallel = 1;
				LastSwiftUpdateCheck = 1300;
				LastUpgradeCheck = 1300;
				TargetAttributes = {
					FDD9822926E279F800547C01 = {
						CreatedOnToolsVersion = 13.0;
					};
				};
			};
			buildConfigurationList = FDD9822526E279F800547C01 /* Build configuration list for PBXProject "NSMetadataQueryUbiquitousExternalDocumentsTest" */;
			compatibilityVersion = "Xcode 13.0";
			developmentRegion = en;
			hasScannedForEncodings = 0;
			knownRegions = (
				en,
				Base,
			);
			mainGroup = FDD9822126E279F800547C01;
			productRefGroup = FDD9822B26E279F800547C01 /* Products */;
			projectDirPath = "";
			projectRoot = "";
			targets = (
				FDD9822926E279F800547C01 /* NSMetadataQueryUbiquitousExternalDocumentsTest */,
			);
		};
/* End PBXProject section */

/* Begin PBXResourcesBuildPhase section */
		FDD9822826E279F800547C01 /* Resources */ = {
			isa = PBXResourcesBuildPhase;
			buildActionMask = 2147483647;
			files = (
			);
			runOnlyForDeploymentPostprocessing = 0;
		};
/* End PBXResourcesBuildPhase section */

/* Begin PBXSourcesBuildPhase section */
		FDD9822626E279F800547C01 /* Sources */ = {
			isa = PBXSourcesBuildPhase;
			buildActionMask = 2147483647;
			files = (
				FD015C5626F3671C004AF160 /* FilePresenter.swift in Sources */,
				FDD9822E26E279F800547C01 /* NSMetadataQueryUbiquitousExternalDocumentsTestApp.swift in Sources */,
			);
			runOnlyForDeploymentPostprocessing = 0;
		};
/* End PBXSourcesBuildPhase section */

/* Begin XCBuildConfiguration section */
		FDD9823626E279FA00547C01 /* Debug */ = {
			isa = XCBuildConfiguration;
			buildSettings = {
				ALWAYS_SEARCH_USER_PATHS = NO;
				CLANG_ANALYZER_NONNULL = YES;
				CLANG_ANALYZER_NUMBER_OBJECT_CONVERSION = YES_AGGRESSIVE;
				CLANG_CXX_LANGUAGE_STANDARD = "gnu++17";
				CLANG_CXX_LIBRARY = "libc++";
				CLANG_ENABLE_MODULES = YES;
				CLANG_ENABLE_OBJC_ARC = YES;
				CLANG_ENABLE_OBJC_WEAK = YES;
				CLANG_WARN_BLOCK_CAPTURE_AUTORELEASING = YES;
				CLANG_WARN_BOOL_CONVERSION = YES;
				CLANG_WARN_COMMA = YES;
				CLANG_WARN_CONSTANT_CONVERSION = YES;
				CLANG_WARN_DEPRECATED_OBJC_IMPLEMENTATIONS = YES;
				CLANG_WARN_DIRECT_OBJC_ISA_USAGE = YES_ERROR;
				CLANG_WARN_DOCUMENTATION_COMMENTS = YES;
				CLANG_WARN_EMPTY_BODY = YES;
				CLANG_WARN_ENUM_CONVERSION = YES;
				CLANG_WARN_INFINITE_RECURSION = YES;
				CLANG_WARN_INT_CONVERSION = YES;
				CLANG_WARN_NON_LITERAL_NULL_CONVERSION = YES;
				CLANG_WARN_OBJC_IMPLICIT_RETAIN_SELF = YES;
				CLANG_WARN_OBJC_LITERAL_CONVERSION = YES;
				CLANG_WARN_OBJC_ROOT_CLASS = YES_ERROR;
				CLANG_WARN_QUOTED_INCLUDE_IN_FRAMEWORK_HEADER = YES;
				CLANG_WARN_RANGE_LOOP_ANALYSIS = YES;
				CLANG_WARN_STRICT_PROTOTYPES = YES;
				CLANG_WARN_SUSPICIOUS_MOVE = YES;
				CLANG_WARN_UNGUARDED_AVAILABILITY = YES_AGGRESSIVE;
				CLANG_WARN_UNREACHABLE_CODE = YES;
				CLANG_WARN__DUPLICATE_METHOD_MATCH = YES;
				COPY_PHASE_STRIP = NO;
				DEBUG_INFORMATION_FORMAT = dwarf;
				ENABLE_STRICT_OBJC_MSGSEND = YES;
				ENABLE_TESTABILITY = YES;
				GCC_C_LANGUAGE_STANDARD = gnu11;
				GCC_DYNAMIC_NO_PIC = NO;
				GCC_NO_COMMON_BLOCKS = YES;
				GCC_OPTIMIZATION_LEVEL = 0;
				GCC_PREPROCESSOR_DEFINITIONS = (
					"DEBUG=1",
					"$(inherited)",
				);
				GCC_WARN_64_TO_32_BIT_CONVERSION = YES;
				GCC_WARN_ABOUT_RETURN_TYPE = YES_ERROR;
				GCC_WARN_UNDECLARED_SELECTOR = YES;
				GCC_WARN_UNINITIALIZED_AUTOS = YES_AGGRESSIVE;
				GCC_WARN_UNUSED_FUNCTION = YES;
				GCC_WARN_UNUSED_VARIABLE = YES;
				INFOPLIST_FILE = NSMetadataQueryUbiquitousExternalDocumentsTest/Info.plist;
				IPHONEOS_DEPLOYMENT_TARGET = 15.0;
				MTL_ENABLE_DEBUG_INFO = INCLUDE_SOURCE;
				MTL_FAST_MATH = YES;
				ONLY_ACTIVE_ARCH = YES;
				SDKROOT = iphoneos;
				SWIFT_ACTIVE_COMPILATION_CONDITIONS = DEBUG;
				SWIFT_OPTIMIZATION_LEVEL = "-Onone";
			};
			name = Debug;
		};
		FDD9823726E279FA00547C01 /* Release */ = {
			isa = XCBuildConfiguration;
			buildSettings = {
				ALWAYS_SEARCH_USER_PATHS = NO;
				CLANG_ANALYZER_NONNULL = YES;
				CLANG_ANALYZER_NUMBER_OBJECT_CONVERSION = YES_AGGRESSIVE;
				CLANG_CXX_LANGUAGE_STANDARD = "gnu++17";
				CLANG_CXX_LIBRARY = "libc++";
				CLANG_ENABLE_MODULES = YES;
				CLANG_ENABLE_OBJC_ARC = YES;
				CLANG_ENABLE_OBJC_WEAK = YES;
				CLANG_WARN_BLOCK_CAPTURE_AUTORELEASING = YES;
				CLANG_WARN_BOOL_CONVERSION = YES;
				CLANG_WARN_COMMA = YES;
				CLANG_WARN_CONSTANT_CONVERSION = YES;
				CLANG_WARN_DEPRECATED_OBJC_IMPLEMENTATIONS = YES;
				CLANG_WARN_DIRECT_OBJC_ISA_USAGE = YES_ERROR;
				CLANG_WARN_DOCUMENTATION_COMMENTS = YES;
				CLANG_WARN_EMPTY_BODY = YES;
				CLANG_WARN_ENUM_CONVERSION = YES;
				CLANG_WARN_INFINITE_RECURSION = YES;
				CLANG_WARN_INT_CONVERSION = YES;
				CLANG_WARN_NON_LITERAL_NULL_CONVERSION = YES;
				CLANG_WARN_OBJC_IMPLICIT_RETAIN_SELF = YES;
				CLANG_WARN_OBJC_LITERAL_CONVERSION = YES;
				CLANG_WARN_OBJC_ROOT_CLASS = YES_ERROR;
				CLANG_WARN_QUOTED_INCLUDE_IN_FRAMEWORK_HEADER = YES;
				CLANG_WARN_RANGE_LOOP_ANALYSIS = YES;
				CLANG_WARN_STRICT_PROTOTYPES = YES;
				CLANG_WARN_SUSPICIOUS_MOVE = YES;
				CLANG_WARN_UNGUARDED_AVAILABILITY = YES_AGGRESSIVE;
				CLANG_WARN_UNREACHABLE_CODE = YES;
				CLANG_WARN__DUPLICATE_METHOD_MATCH = YES;
				COPY_PHASE_STRIP = NO;
				DEBUG_INFORMATION_FORMAT = "dwarf-with-dsym";
				ENABLE_NS_ASSERTIONS = NO;
				ENABLE_STRICT_OBJC_MSGSEND = YES;
				GCC_C_LANGUAGE_STANDARD = gnu11;
				GCC_NO_COMMON_BLOCKS = YES;
				GCC_WARN_64_TO_32_BIT_CONVERSION = YES;
				GCC_WARN_ABOUT_RETURN_TYPE = YES_ERROR;
				GCC_WARN_UNDECLARED_SELECTOR = YES;
				GCC_WARN_UNINITIALIZED_AUTOS = YES_AGGRESSIVE;
				GCC_WARN_UNUSED_FUNCTION = YES;
				GCC_WARN_UNUSED_VARIABLE = YES;
				INFOPLIST_FILE = NSMetadataQueryUbiquitousExternalDocumentsTest/Info.plist;
				IPHONEOS_DEPLOYMENT_TARGET = 15.0;
				MTL_ENABLE_DEBUG_INFO = NO;
				MTL_FAST_MATH = YES;
				SDKROOT = iphoneos;
				SWIFT_COMPILATION_MODE = wholemodule;
				SWIFT_OPTIMIZATION_LEVEL = "-O";
				VALIDATE_PRODUCT = YES;
			};
			name = Release;
		};
		FDD9823926E279FA00547C01 /* Debug */ = {
			isa = XCBuildConfiguration;
			buildSettings = {
				ASSETCATALOG_COMPILER_GLOBAL_ACCENT_COLOR_NAME = AccentColor;
				CODE_SIGN_ENTITLEMENTS = NSMetadataQueryUbiquitousExternalDocumentsTest/NSMetadataQueryUbiquitousExternalDocumentsTest.entitlements;
				CODE_SIGN_STYLE = Automatic;
				CURRENT_PROJECT_VERSION = 1;
				DEVELOPMENT_TEAM = 2NB974GTCK;
				ENABLE_PREVIEWS = YES;
				INFOPLIST_FILE = NSMetadataQueryUbiquitousExternalDocumentsTest/Info.plist;
				IPHONEOS_DEPLOYMENT_TARGET = 15.0;
				LD_RUNPATH_SEARCH_PATHS = (
					"$(inherited)",
					"@executable_path/Frameworks",
				);
				MARKETING_VERSION = 1.0;
				PRODUCT_BUNDLE_IDENTIFIER = com.stevemarshall.NSMetadataQueryUbiquitousExternalDocumentsTest;
				PRODUCT_NAME = "$(TARGET_NAME)";
				SWIFT_EMIT_LOC_STRINGS = YES;
				SWIFT_VERSION = 5.0;
				TARGETED_DEVICE_FAMILY = "1,2";
			};
			name = Debug;
		};
		FDD9823A26E279FA00547C01 /* Release */ = {
			isa = XCBuildConfiguration;
			buildSettings = {
				ASSETCATALOG_COMPILER_GLOBAL_ACCENT_COLOR_NAME = AccentColor;
				CODE_SIGN_ENTITLEMENTS = NSMetadataQueryUbiquitousExternalDocumentsTest/NSMetadataQueryUbiquitousExternalDocumentsTest.entitlements;
				CODE_SIGN_STYLE = Automatic;
				CURRENT_PROJECT_VERSION = 1;
				DEVELOPMENT_TEAM = 2NB974GTCK;
				ENABLE_PREVIEWS = YES;
				INFOPLIST_FILE = NSMetadataQueryUbiquitousExternalDocumentsTest/Info.plist;
				IPHONEOS_DEPLOYMENT_TARGET = 15.0;
				LD_RUNPATH_SEARCH_PATHS = (
					"$(inherited)",
					"@executable_path/Frameworks",
				);
				MARKETING_VERSION = 1.0;
				PRODUCT_BUNDLE_IDENTIFIER = com.stevemarshall.NSMetadataQueryUbiquitousExternalDocumentsTest;
				PRODUCT_NAME = "$(TARGET_NAME)";
				SWIFT_EMIT_LOC_STRINGS = YES;
				SWIFT_VERSION = 5.0;
				TARGETED_DEVICE_FAMILY = "1,2";
			};
			name = Release;
		};
/* End XCBuildConfiguration section */

/* Begin XCConfigurationList section */
		FDD9822526E279F800547C01 /* Build configuration list for PBXProject "NSMetadataQueryUbiquitousExternalDocumentsTest" */ = {
			isa = XCConfigurationList;
			buildConfigurations = (
				FDD9823626E279FA00547C01 /* Debug */,
				FDD9823726E279FA00547C01 /* Release */,
			);
			defaultConfigurationIsVisible = 0;
			defaultConfigurationName = Release;
		};
		FDD9823826E279FA00547C01 /* Build configuration list for PBXNativeTarget "NSMetadataQueryUbiquitousExternalDocumentsTest" */ = {
			isa = XCConfigurationList;
			buildConfigurations = (
				FDD9823926E279FA00547C01 /* Debug */,
				FDD9823A26E279FA00547C01 /* Release */,
			);
			defaultConfigurationIsVisible = 0;
			defaultConfigurationName = Release;
		};
/* End XCConfigurationList section */
	};
	rootObject = FDD9822226E279F800547C01 /* Project object */;
}
